
Microsoft Visual Studio Solution File, Format Version 12.00
# Visual Studio 15
Project("{FAE04EC0-301F-11D3-BF4B-00C04F79EFBC}") = "ToyRobot", "ToyRobot\ToyRobot.csproj", "{B02D6767-7F53-4DB4-B221-D06608F85776}"
EndProject
Global
	GlobalSection(SolutionConfigurationPlatforms) = preSolution
		Debug|anycpu = Debug|anycpu
		Release|anycpu = Release|anycpu
	EndGlobalSection
	GlobalSection(ProjectConfigurationPlatforms) = postSolution
		{B02D6767-7F53-4DB4-B221-D06608F85776}.Debug|anycpu.ActiveCfg = Debug|anycpu
		{B02D6767-7F53-4DB4-B221-D06608F85776}.Debug|anycpu.Build.0 = Debug|anycpu
		{B02D6767-7F53-4DB4-B221-D06608F85776}.Release|anycpu.ActiveCfg = Release|anycpu
		{B02D6767-7F53-4DB4-B221-D06608F85776}.Release|anycpu.Build.0 = Release|anycpu
	EndGlobalSection
EndGlobal
