
Microsoft Visual Studio Solution File, Format Version 12.00
# Visual Studio 15
Project("{FAE04EC0-301F-11D3-BF4B-00C04F79EFBC}") = "ToyRobotUnitTest", "ToyRobotUnitTest\ToyRobotUnitTest.csproj", "{BD5A7BD9-9B7C-4085-9C57-2639E531A1E4}"
EndProject
Project("{FAE04EC0-301F-11D3-BF4B-00C04F79EFBC}") = "ToyRobotApp", "ToyRobotApp\ToyRobotApp.csproj", "{459F32CF-772D-4A98-B793-8F145324B2F5}"
EndProject
Global
	GlobalSection(SolutionConfigurationPlatforms) = preSolution
		Debug|anycpu = Debug|anycpu
		Release|anycpu = Release|anycpu
	EndGlobalSection
	GlobalSection(ProjectConfigurationPlatforms) = postSolution
		{BD5A7BD9-9B7C-4085-9C57-2639E531A1E4}.Debug|anycpu.ActiveCfg = Debug|Any CPU
		{BD5A7BD9-9B7C-4085-9C57-2639E531A1E4}.Debug|anycpu.Build.0 = Debug|Any CPU
		{BD5A7BD9-9B7C-4085-9C57-2639E531A1E4}.Release|anycpu.ActiveCfg = Release|Any CPU
		{BD5A7BD9-9B7C-4085-9C57-2639E531A1E4}.Release|anycpu.Build.0 = Release|Any CPU
		{459F32CF-772D-4A98-B793-8F145324B2F5}.Debug|anycpu.ActiveCfg = Debug|Any CPU
		{459F32CF-772D-4A98-B793-8F145324B2F5}.Debug|anycpu.Build.0 = Debug|Any CPU
		{459F32CF-772D-4A98-B793-8F145324B2F5}.Release|anycpu.ActiveCfg = Release|Any CPU
		{459F32CF-772D-4A98-B793-8F145324B2F5}.Release|anycpu.Build.0 = Release|Any CPU
	EndGlobalSection
EndGlobal
